
Microsoft Visual Studio Solution File, Format Version 12.00
# Visual Studio 15
Project("{FAE04EC0-301F-11D3-BF4B-00C04F79EFBC}") = "Assembly-CSharp", "Assembly-CSharp.csproj", "{B7AF7EE2-AAA8-4F82-D6A7-4B0B708F3EB5}"
EndProject
Project("{FAE04EC0-301F-11D3-BF4B-00C04F79EFBC}") = "Assembly-CSharp-Editor", "Assembly-CSharp-Editor.csproj", "{8043FA10-A9D8-C26B-F91A-994DD10F801B}"
EndProject
Global
	GlobalSection(SolutionConfigurationPlatforms) = preSolution
		Debug|Any CPU = Debug|Any CPU
		Release|Any CPU = Release|Any CPU
	EndGlobalSection
	GlobalSection(ProjectConfigurationPlatforms) = postSolution
		{B7AF7EE2-AAA8-4F82-D6A7-4B0B708F3EB5}.Debug|Any CPU.ActiveCfg = Debug|Any CPU
		{B7AF7EE2-AAA8-4F82-D6A7-4B0B708F3EB5}.Debug|Any CPU.Build.0 = Debug|Any CPU
		{B7AF7EE2-AAA8-4F82-D6A7-4B0B708F3EB5}.Release|Any CPU.ActiveCfg = Release|Any CPU
		{B7AF7EE2-AAA8-4F82-D6A7-4B0B708F3EB5}.Release|Any CPU.Build.0 = Release|Any CPU
		{8043FA10-A9D8-C26B-F91A-994DD10F801B}.Debug|Any CPU.ActiveCfg = Debug|Any CPU
		{8043FA10-A9D8-C26B-F91A-994DD10F801B}.Debug|Any CPU.Build.0 = Debug|Any CPU
		{8043FA10-A9D8-C26B-F91A-994DD10F801B}.Release|Any CPU.ActiveCfg = Release|Any CPU
		{8043FA10-A9D8-C26B-F91A-994DD10F801B}.Release|Any CPU.Build.0 = Release|Any CPU
	EndGlobalSection
	GlobalSection(SolutionProperties) = preSolution
		HideSolutionNode = FALSE
	EndGlobalSection
EndGlobal
